
Microsoft Visual Studio Solution File, Format Version 12.00
# Visual Studio 14
VisualStudioVersion = 14.0.25123.0
MinimumVisualStudioVersion = 10.0.40219.1
Project("{FAE04EC0-301F-11D3-BF4B-00C04F79EFBC}") = "PuxCastsApp.Droid", "PuxCastsApp\PuxCastsApp.Droid\PuxCastsApp.Droid.csproj", "{59F54890-366B-4D10-BD61-64624F8BCFD0}"
EndProject
Project("{FAE04EC0-301F-11D3-BF4B-00C04F79EFBC}") = "PuxCastsApp.iOS", "PuxCastsApp\PuxCastsApp.iOS\PuxCastsApp.iOS.csproj", "{E07CD9A4-E699-4360-A0DB-699D32FAA95D}"
EndProject
Project("{FAE04EC0-301F-11D3-BF4B-00C04F79EFBC}") = "PuxCastsApp.WinPhone", "PuxCastsApp\PuxCastsApp.WinPhone\PuxCastsApp.WinPhone.csproj", "{298D052E-383F-49D3-BE5F-C1CD072B8B06}"
EndProject
Project("{FAE04EC0-301F-11D3-BF4B-00C04F79EFBC}") = "PuxCastsApp.UWP", "PuxCastsApp\PuxCastsApp.UWP\PuxCastsApp.UWP.csproj", "{B0FFC3F2-78B6-4B76-BB59-0717BC5622A9}"
EndProject
Project("{FAE04EC0-301F-11D3-BF4B-00C04F79EFBC}") = "PuxCastsApp.Windows", "PuxCastsApp\PuxCastsApp.Windows\PuxCastsApp.Windows.csproj", "{495F5720-79D3-4442-A557-081ED0BE98A8}"
EndProject
Project("{FAE04EC0-301F-11D3-BF4B-00C04F79EFBC}") = "PuxCastsApp", "PuxCastsApp\PuxCastsApp\PuxCastsApp.csproj", "{7AFE4D05-3F09-4287-978D-D2694EE567CD}"
EndProject
Global
	GlobalSection(SolutionConfigurationPlatforms) = preSolution
		Ad-Hoc|Any CPU = Ad-Hoc|Any CPU
		Ad-Hoc|ARM = Ad-Hoc|ARM
		Ad-Hoc|iPhone = Ad-Hoc|iPhone
		Ad-Hoc|iPhoneSimulator = Ad-Hoc|iPhoneSimulator
		Ad-Hoc|x64 = Ad-Hoc|x64
		Ad-Hoc|x86 = Ad-Hoc|x86
		AppStore|Any CPU = AppStore|Any CPU
		AppStore|ARM = AppStore|ARM
		AppStore|iPhone = AppStore|iPhone
		AppStore|iPhoneSimulator = AppStore|iPhoneSimulator
		AppStore|x64 = AppStore|x64
		AppStore|x86 = AppStore|x86
		Debug|Any CPU = Debug|Any CPU
		Debug|ARM = Debug|ARM
		Debug|iPhone = Debug|iPhone
		Debug|iPhoneSimulator = Debug|iPhoneSimulator
		Debug|x64 = Debug|x64
		Debug|x86 = Debug|x86
		Release|Any CPU = Release|Any CPU
		Release|ARM = Release|ARM
		Release|iPhone = Release|iPhone
		Release|iPhoneSimulator = Release|iPhoneSimulator
		Release|x64 = Release|x64
		Release|x86 = Release|x86
	EndGlobalSection
	GlobalSection(ProjectConfigurationPlatforms) = postSolution
		{59F54890-366B-4D10-BD61-64624F8BCFD0}.Ad-Hoc|Any CPU.ActiveCfg = Release|Any CPU
		{59F54890-366B-4D10-BD61-64624F8BCFD0}.Ad-Hoc|Any CPU.Build.0 = Release|Any CPU
		{59F54890-366B-4D10-BD61-64624F8BCFD0}.Ad-Hoc|Any CPU.Deploy.0 = Release|Any CPU
		{59F54890-366B-4D10-BD61-64624F8BCFD0}.Ad-Hoc|ARM.ActiveCfg = Release|Any CPU
		{59F54890-366B-4D10-BD61-64624F8BCFD0}.Ad-Hoc|ARM.Build.0 = Release|Any CPU
		{59F54890-366B-4D10-BD61-64624F8BCFD0}.Ad-Hoc|ARM.Deploy.0 = Release|Any CPU
		{59F54890-366B-4D10-BD61-64624F8BCFD0}.Ad-Hoc|iPhone.ActiveCfg = Release|Any CPU
		{59F54890-366B-4D10-BD61-64624F8BCFD0}.Ad-Hoc|iPhone.Build.0 = Release|Any CPU
		{59F54890-366B-4D10-BD61-64624F8BCFD0}.Ad-Hoc|iPhone.Deploy.0 = Release|Any CPU
		{59F54890-366B-4D10-BD61-64624F8BCFD0}.Ad-Hoc|iPhoneSimulator.ActiveCfg = Release|Any CPU
		{59F54890-366B-4D10-BD61-64624F8BCFD0}.Ad-Hoc|iPhoneSimulator.Build.0 = Release|Any CPU
		{59F54890-366B-4D10-BD61-64624F8BCFD0}.Ad-Hoc|iPhoneSimulator.Deploy.0 = Release|Any CPU
		{59F54890-366B-4D10-BD61-64624F8BCFD0}.Ad-Hoc|x64.ActiveCfg = Release|Any CPU
		{59F54890-366B-4D10-BD61-64624F8BCFD0}.Ad-Hoc|x64.Build.0 = Release|Any CPU
		{59F54890-366B-4D10-BD61-64624F8BCFD0}.Ad-Hoc|x64.Deploy.0 = Release|Any CPU
		{59F54890-366B-4D10-BD61-64624F8BCFD0}.Ad-Hoc|x86.ActiveCfg = Release|Any CPU
		{59F54890-366B-4D10-BD61-64624F8BCFD0}.Ad-Hoc|x86.Build.0 = Release|Any CPU
		{59F54890-366B-4D10-BD61-64624F8BCFD0}.Ad-Hoc|x86.Deploy.0 = Release|Any CPU
		{59F54890-366B-4D10-BD61-64624F8BCFD0}.AppStore|Any CPU.ActiveCfg = Release|Any CPU
		{59F54890-366B-4D10-BD61-64624F8BCFD0}.AppStore|Any CPU.Build.0 = Release|Any CPU
		{59F54890-366B-4D10-BD61-64624F8BCFD0}.AppStore|Any CPU.Deploy.0 = Release|Any CPU
		{59F54890-366B-4D10-BD61-64624F8BCFD0}.AppStore|ARM.ActiveCfg = Release|Any CPU
		{59F54890-366B-4D10-BD61-64624F8BCFD0}.AppStore|ARM.Build.0 = Release|Any CPU
		{59F54890-366B-4D10-BD61-64624F8BCFD0}.AppStore|ARM.Deploy.0 = Release|Any CPU
		{59F54890-366B-4D10-BD61-64624F8BCFD0}.AppStore|iPhone.ActiveCfg = Release|Any CPU
		{59F54890-366B-4D10-BD61-64624F8BCFD0}.AppStore|iPhone.Build.0 = Release|Any CPU
		{59F54890-366B-4D10-BD61-64624F8BCFD0}.AppStore|iPhone.Deploy.0 = Release|Any CPU
		{59F54890-366B-4D10-BD61-64624F8BCFD0}.AppStore|iPhoneSimulator.ActiveCfg = Release|Any CPU
		{59F54890-366B-4D10-BD61-64624F8BCFD0}.AppStore|iPhoneSimulator.Build.0 = Release|Any CPU
		{59F54890-366B-4D10-BD61-64624F8BCFD0}.AppStore|iPhoneSimulator.Deploy.0 = Release|Any CPU
		{59F54890-366B-4D10-BD61-64624F8BCFD0}.AppStore|x64.ActiveCfg = Release|Any CPU
		{59F54890-366B-4D10-BD61-64624F8BCFD0}.AppStore|x64.Build.0 = Release|Any CPU
		{59F54890-366B-4D10-BD61-64624F8BCFD0}.AppStore|x64.Deploy.0 = Release|Any CPU
		{59F54890-366B-4D10-BD61-64624F8BCFD0}.AppStore|x86.ActiveCfg = Release|Any CPU
		{59F54890-366B-4D10-BD61-64624F8BCFD0}.AppStore|x86.Build.0 = Release|Any CPU
		{59F54890-366B-4D10-BD61-64624F8BCFD0}.AppStore|x86.Deploy.0 = Release|Any CPU
		{59F54890-366B-4D10-BD61-64624F8BCFD0}.Debug|Any CPU.ActiveCfg = Debug|Any CPU
		{59F54890-366B-4D10-BD61-64624F8BCFD0}.Debug|Any CPU.Build.0 = Debug|Any CPU
		{59F54890-366B-4D10-BD61-64624F8BCFD0}.Debug|Any CPU.Deploy.0 = Debug|Any CPU
		{59F54890-366B-4D10-BD61-64624F8BCFD0}.Debug|ARM.ActiveCfg = Debug|Any CPU
		{59F54890-366B-4D10-BD61-64624F8BCFD0}.Debug|ARM.Build.0 = Debug|Any CPU
		{59F54890-366B-4D10-BD61-64624F8BCFD0}.Debug|ARM.Deploy.0 = Debug|Any CPU
		{59F54890-366B-4D10-BD61-64624F8BCFD0}.Debug|iPhone.ActiveCfg = Debug|Any CPU
		{59F54890-366B-4D10-BD61-64624F8BCFD0}.Debug|iPhone.Build.0 = Debug|Any CPU
		{59F54890-366B-4D10-BD61-64624F8BCFD0}.Debug|iPhone.Deploy.0 = Debug|Any CPU
		{59F54890-366B-4D10-BD61-64624F8BCFD0}.Debug|iPhoneSimulator.ActiveCfg = Debug|Any CPU
		{59F54890-366B-4D10-BD61-64624F8BCFD0}.Debug|iPhoneSimulator.Build.0 = Debug|Any CPU
		{59F54890-366B-4D10-BD61-64624F8BCFD0}.Debug|iPhoneSimulator.Deploy.0 = Debug|Any CPU
		{59F54890-366B-4D10-BD61-64624F8BCFD0}.Debug|x64.ActiveCfg = Debug|Any CPU
		{59F54890-366B-4D10-BD61-64624F8BCFD0}.Debug|x64.Build.0 = Debug|Any CPU
		{59F54890-366B-4D10-BD61-64624F8BCFD0}.Debug|x64.Deploy.0 = Debug|Any CPU
		{59F54890-366B-4D10-BD61-64624F8BCFD0}.Debug|x86.ActiveCfg = Debug|Any CPU
		{59F54890-366B-4D10-BD61-64624F8BCFD0}.Debug|x86.Build.0 = Debug|Any CPU
		{59F54890-366B-4D10-BD61-64624F8BCFD0}.Debug|x86.Deploy.0 = Debug|Any CPU
		{59F54890-366B-4D10-BD61-64624F8BCFD0}.Release|Any CPU.ActiveCfg = Release|Any CPU
		{59F54890-366B-4D10-BD61-64624F8BCFD0}.Release|Any CPU.Build.0 = Release|Any CPU
		{59F54890-366B-4D10-BD61-64624F8BCFD0}.Release|Any CPU.Deploy.0 = Release|Any CPU
		{59F54890-366B-4D10-BD61-64624F8BCFD0}.Release|ARM.ActiveCfg = Release|Any CPU
		{59F54890-366B-4D10-BD61-64624F8BCFD0}.Release|ARM.Build.0 = Release|Any CPU
		{59F54890-366B-4D10-BD61-64624F8BCFD0}.Release|ARM.Deploy.0 = Release|Any CPU
		{59F54890-366B-4D10-BD61-64624F8BCFD0}.Release|iPhone.ActiveCfg = Release|Any CPU
		{59F54890-366B-4D10-BD61-64624F8BCFD0}.Release|iPhone.Build.0 = Release|Any CPU
		{59F54890-366B-4D10-BD61-64624F8BCFD0}.Release|iPhone.Deploy.0 = Release|Any CPU
		{59F54890-366B-4D10-BD61-64624F8BCFD0}.Release|iPhoneSimulator.ActiveCfg = Release|Any CPU
		{59F54890-366B-4D10-BD61-64624F8BCFD0}.Release|iPhoneSimulator.Build.0 = Release|Any CPU
		{59F54890-366B-4D10-BD61-64624F8BCFD0}.Release|iPhoneSimulator.Deploy.0 = Release|Any CPU
		{59F54890-366B-4D10-BD61-64624F8BCFD0}.Release|x64.ActiveCfg = Release|Any CPU
		{59F54890-366B-4D10-BD61-64624F8BCFD0}.Release|x64.Build.0 = Release|Any CPU
		{59F54890-366B-4D10-BD61-64624F8BCFD0}.Release|x64.Deploy.0 = Release|Any CPU
		{59F54890-366B-4D10-BD61-64624F8BCFD0}.Release|x86.ActiveCfg = Release|Any CPU
		{59F54890-366B-4D10-BD61-64624F8BCFD0}.Release|x86.Build.0 = Release|Any CPU
		{59F54890-366B-4D10-BD61-64624F8BCFD0}.Release|x86.Deploy.0 = Release|Any CPU
		{E07CD9A4-E699-4360-A0DB-699D32FAA95D}.Ad-Hoc|Any CPU.ActiveCfg = Ad-Hoc|iPhone
		{E07CD9A4-E699-4360-A0DB-699D32FAA95D}.Ad-Hoc|ARM.ActiveCfg = Ad-Hoc|iPhone
		{E07CD9A4-E699-4360-A0DB-699D32FAA95D}.Ad-Hoc|iPhone.ActiveCfg = Ad-Hoc|iPhone
		{E07CD9A4-E699-4360-A0DB-699D32FAA95D}.Ad-Hoc|iPhone.Build.0 = Ad-Hoc|iPhone
		{E07CD9A4-E699-4360-A0DB-699D32FAA95D}.Ad-Hoc|iPhoneSimulator.ActiveCfg = Ad-Hoc|iPhoneSimulator
		{E07CD9A4-E699-4360-A0DB-699D32FAA95D}.Ad-Hoc|iPhoneSimulator.Build.0 = Ad-Hoc|iPhoneSimulator
		{E07CD9A4-E699-4360-A0DB-699D32FAA95D}.Ad-Hoc|x64.ActiveCfg = Ad-Hoc|iPhone
		{E07CD9A4-E699-4360-A0DB-699D32FAA95D}.Ad-Hoc|x86.ActiveCfg = Ad-Hoc|iPhone
		{E07CD9A4-E699-4360-A0DB-699D32FAA95D}.AppStore|Any CPU.ActiveCfg = AppStore|iPhone
		{E07CD9A4-E699-4360-A0DB-699D32FAA95D}.AppStore|ARM.ActiveCfg = AppStore|iPhone
		{E07CD9A4-E699-4360-A0DB-699D32FAA95D}.AppStore|iPhone.ActiveCfg = AppStore|iPhone
		{E07CD9A4-E699-4360-A0DB-699D32FAA95D}.AppStore|iPhone.Build.0 = AppStore|iPhone
		{E07CD9A4-E699-4360-A0DB-699D32FAA95D}.AppStore|iPhoneSimulator.ActiveCfg = AppStore|iPhoneSimulator
		{E07CD9A4-E699-4360-A0DB-699D32FAA95D}.AppStore|iPhoneSimulator.Build.0 = AppStore|iPhoneSimulator
		{E07CD9A4-E699-4360-A0DB-699D32FAA95D}.AppStore|x64.ActiveCfg = AppStore|iPhone
		{E07CD9A4-E699-4360-A0DB-699D32FAA95D}.AppStore|x86.ActiveCfg = AppStore|iPhone
		{E07CD9A4-E699-4360-A0DB-699D32FAA95D}.Debug|Any CPU.ActiveCfg = Debug|iPhone
		{E07CD9A4-E699-4360-A0DB-699D32FAA95D}.Debug|ARM.ActiveCfg = Debug|iPhone
		{E07CD9A4-E699-4360-A0DB-699D32FAA95D}.Debug|iPhone.ActiveCfg = Debug|iPhone
		{E07CD9A4-E699-4360-A0DB-699D32FAA95D}.Debug|iPhone.Build.0 = Debug|iPhone
		{E07CD9A4-E699-4360-A0DB-699D32FAA95D}.Debug|iPhoneSimulator.ActiveCfg = Debug|iPhoneSimulator
		{E07CD9A4-E699-4360-A0DB-699D32FAA95D}.Debug|iPhoneSimulator.Build.0 = Debug|iPhoneSimulator
		{E07CD9A4-E699-4360-A0DB-699D32FAA95D}.Debug|x64.ActiveCfg = Debug|iPhone
		{E07CD9A4-E699-4360-A0DB-699D32FAA95D}.Debug|x86.ActiveCfg = Debug|iPhone
		{E07CD9A4-E699-4360-A0DB-699D32FAA95D}.Release|Any CPU.ActiveCfg = Release|iPhone
		{E07CD9A4-E699-4360-A0DB-699D32FAA95D}.Release|ARM.ActiveCfg = Release|iPhone
		{E07CD9A4-E699-4360-A0DB-699D32FAA95D}.Release|iPhone.ActiveCfg = Release|iPhone
		{E07CD9A4-E699-4360-A0DB-699D32FAA95D}.Release|iPhone.Build.0 = Release|iPhone
		{E07CD9A4-E699-4360-A0DB-699D32FAA95D}.Release|iPhoneSimulator.ActiveCfg = Release|iPhoneSimulator
		{E07CD9A4-E699-4360-A0DB-699D32FAA95D}.Release|iPhoneSimulator.Build.0 = Release|iPhoneSimulator
		{E07CD9A4-E699-4360-A0DB-699D32FAA95D}.Release|x64.ActiveCfg = Release|iPhone
		{E07CD9A4-E699-4360-A0DB-699D32FAA95D}.Release|x86.ActiveCfg = Release|iPhone
		{298D052E-383F-49D3-BE5F-C1CD072B8B06}.Ad-Hoc|Any CPU.ActiveCfg = Release|Any CPU
		{298D052E-383F-49D3-BE5F-C1CD072B8B06}.Ad-Hoc|Any CPU.Build.0 = Release|Any CPU
		{298D052E-383F-49D3-BE5F-C1CD072B8B06}.Ad-Hoc|Any CPU.Deploy.0 = Release|Any CPU
		{298D052E-383F-49D3-BE5F-C1CD072B8B06}.Ad-Hoc|ARM.ActiveCfg = Release|ARM
		{298D052E-383F-49D3-BE5F-C1CD072B8B06}.Ad-Hoc|ARM.Build.0 = Release|ARM
		{298D052E-383F-49D3-BE5F-C1CD072B8B06}.Ad-Hoc|ARM.Deploy.0 = Release|ARM
		{298D052E-383F-49D3-BE5F-C1CD072B8B06}.Ad-Hoc|iPhone.ActiveCfg = Release|Any CPU
		{298D052E-383F-49D3-BE5F-C1CD072B8B06}.Ad-Hoc|iPhone.Build.0 = Release|Any CPU
		{298D052E-383F-49D3-BE5F-C1CD072B8B06}.Ad-Hoc|iPhone.Deploy.0 = Release|Any CPU
		{298D052E-383F-49D3-BE5F-C1CD072B8B06}.Ad-Hoc|iPhoneSimulator.ActiveCfg = Release|Any CPU
		{298D052E-383F-49D3-BE5F-C1CD072B8B06}.Ad-Hoc|iPhoneSimulator.Build.0 = Release|Any CPU
		{298D052E-383F-49D3-BE5F-C1CD072B8B06}.Ad-Hoc|iPhoneSimulator.Deploy.0 = Release|Any CPU
		{298D052E-383F-49D3-BE5F-C1CD072B8B06}.Ad-Hoc|x64.ActiveCfg = Release|Any CPU
		{298D052E-383F-49D3-BE5F-C1CD072B8B06}.Ad-Hoc|x64.Build.0 = Release|Any CPU
		{298D052E-383F-49D3-BE5F-C1CD072B8B06}.Ad-Hoc|x64.Deploy.0 = Release|Any CPU
		{298D052E-383F-49D3-BE5F-C1CD072B8B06}.Ad-Hoc|x86.ActiveCfg = Release|x86
		{298D052E-383F-49D3-BE5F-C1CD072B8B06}.Ad-Hoc|x86.Build.0 = Release|x86
		{298D052E-383F-49D3-BE5F-C1CD072B8B06}.Ad-Hoc|x86.Deploy.0 = Release|x86
		{298D052E-383F-49D3-BE5F-C1CD072B8B06}.AppStore|Any CPU.ActiveCfg = Release|Any CPU
		{298D052E-383F-49D3-BE5F-C1CD072B8B06}.AppStore|Any CPU.Build.0 = Release|Any CPU
		{298D052E-383F-49D3-BE5F-C1CD072B8B06}.AppStore|Any CPU.Deploy.0 = Release|Any CPU
		{298D052E-383F-49D3-BE5F-C1CD072B8B06}.AppStore|ARM.ActiveCfg = Release|ARM
		{298D052E-383F-49D3-BE5F-C1CD072B8B06}.AppStore|ARM.Build.0 = Release|ARM
		{298D052E-383F-49D3-BE5F-C1CD072B8B06}.AppStore|ARM.Deploy.0 = Release|ARM
		{298D052E-383F-49D3-BE5F-C1CD072B8B06}.AppStore|iPhone.ActiveCfg = Release|Any CPU
		{298D052E-383F-49D3-BE5F-C1CD072B8B06}.AppStore|iPhone.Build.0 = Release|Any CPU
		{298D052E-383F-49D3-BE5F-C1CD072B8B06}.AppStore|iPhone.Deploy.0 = Release|Any CPU
		{298D052E-383F-49D3-BE5F-C1CD072B8B06}.AppStore|iPhoneSimulator.ActiveCfg = Release|Any CPU
		{298D052E-383F-49D3-BE5F-C1CD072B8B06}.AppStore|iPhoneSimulator.Build.0 = Release|Any CPU
		{298D052E-383F-49D3-BE5F-C1CD072B8B06}.AppStore|iPhoneSimulator.Deploy.0 = Release|Any CPU
		{298D052E-383F-49D3-BE5F-C1CD072B8B06}.AppStore|x64.ActiveCfg = Release|Any CPU
		{298D052E-383F-49D3-BE5F-C1CD072B8B06}.AppStore|x64.Build.0 = Release|Any CPU
		{298D052E-383F-49D3-BE5F-C1CD072B8B06}.AppStore|x64.Deploy.0 = Release|Any CPU
		{298D052E-383F-49D3-BE5F-C1CD072B8B06}.AppStore|x86.ActiveCfg = Release|x86
		{298D052E-383F-49D3-BE5F-C1CD072B8B06}.AppStore|x86.Build.0 = Release|x86
		{298D052E-383F-49D3-BE5F-C1CD072B8B06}.AppStore|x86.Deploy.0 = Release|x86
		{298D052E-383F-49D3-BE5F-C1CD072B8B06}.Debug|Any CPU.ActiveCfg = Debug|Any CPU
		{298D052E-383F-49D3-BE5F-C1CD072B8B06}.Debug|Any CPU.Build.0 = Debug|Any CPU
		{298D052E-383F-49D3-BE5F-C1CD072B8B06}.Debug|Any CPU.Deploy.0 = Debug|Any CPU
		{298D052E-383F-49D3-BE5F-C1CD072B8B06}.Debug|ARM.ActiveCfg = Debug|ARM
		{298D052E-383F-49D3-BE5F-C1CD072B8B06}.Debug|ARM.Build.0 = Debug|ARM
		{298D052E-383F-49D3-BE5F-C1CD072B8B06}.Debug|ARM.Deploy.0 = Debug|ARM
		{298D052E-383F-49D3-BE5F-C1CD072B8B06}.Debug|iPhone.ActiveCfg = Debug|Any CPU
		{298D052E-383F-49D3-BE5F-C1CD072B8B06}.Debug|iPhone.Build.0 = Debug|Any CPU
		{298D052E-383F-49D3-BE5F-C1CD072B8B06}.Debug|iPhone.Deploy.0 = Debug|Any CPU
		{298D052E-383F-49D3-BE5F-C1CD072B8B06}.Debug|iPhoneSimulator.ActiveCfg = Debug|Any CPU
		{298D052E-383F-49D3-BE5F-C1CD072B8B06}.Debug|iPhoneSimulator.Build.0 = Debug|Any CPU
		{298D052E-383F-49D3-BE5F-C1CD072B8B06}.Debug|iPhoneSimulator.Deploy.0 = Debug|Any CPU
		{298D052E-383F-49D3-BE5F-C1CD072B8B06}.Debug|x64.ActiveCfg = Debug|Any CPU
		{298D052E-383F-49D3-BE5F-C1CD072B8B06}.Debug|x64.Build.0 = Debug|Any CPU
		{298D052E-383F-49D3-BE5F-C1CD072B8B06}.Debug|x64.Deploy.0 = Debug|Any CPU
		{298D052E-383F-49D3-BE5F-C1CD072B8B06}.Debug|x86.ActiveCfg = Debug|x86
		{298D052E-383F-49D3-BE5F-C1CD072B8B06}.Debug|x86.Build.0 = Debug|x86
		{298D052E-383F-49D3-BE5F-C1CD072B8B06}.Debug|x86.Deploy.0 = Debug|x86
		{298D052E-383F-49D3-BE5F-C1CD072B8B06}.Release|Any CPU.ActiveCfg = Release|Any CPU
		{298D052E-383F-49D3-BE5F-C1CD072B8B06}.Release|Any CPU.Build.0 = Release|Any CPU
		{298D052E-383F-49D3-BE5F-C1CD072B8B06}.Release|Any CPU.Deploy.0 = Release|Any CPU
		{298D052E-383F-49D3-BE5F-C1CD072B8B06}.Release|ARM.ActiveCfg = Release|ARM
		{298D052E-383F-49D3-BE5F-C1CD072B8B06}.Release|ARM.Build.0 = Release|ARM
		{298D052E-383F-49D3-BE5F-C1CD072B8B06}.Release|ARM.Deploy.0 = Release|ARM
		{298D052E-383F-49D3-BE5F-C1CD072B8B06}.Release|iPhone.ActiveCfg = Release|Any CPU
		{298D052E-383F-49D3-BE5F-C1CD072B8B06}.Release|iPhone.Build.0 = Release|Any CPU
		{298D052E-383F-49D3-BE5F-C1CD072B8B06}.Release|iPhone.Deploy.0 = Release|Any CPU
		{298D052E-383F-49D3-BE5F-C1CD072B8B06}.Release|iPhoneSimulator.ActiveCfg = Release|Any CPU
		{298D052E-383F-49D3-BE5F-C1CD072B8B06}.Release|iPhoneSimulator.Build.0 = Release|Any CPU
		{298D052E-383F-49D3-BE5F-C1CD072B8B06}.Release|iPhoneSimulator.Deploy.0 = Release|Any CPU
		{298D052E-383F-49D3-BE5F-C1CD072B8B06}.Release|x64.ActiveCfg = Release|Any CPU
		{298D052E-383F-49D3-BE5F-C1CD072B8B06}.Release|x64.Build.0 = Release|Any CPU
		{298D052E-383F-49D3-BE5F-C1CD072B8B06}.Release|x64.Deploy.0 = Release|Any CPU
		{298D052E-383F-49D3-BE5F-C1CD072B8B06}.Release|x86.ActiveCfg = Release|x86
		{298D052E-383F-49D3-BE5F-C1CD072B8B06}.Release|x86.Build.0 = Release|x86
		{298D052E-383F-49D3-BE5F-C1CD072B8B06}.Release|x86.Deploy.0 = Release|x86
		{B0FFC3F2-78B6-4B76-BB59-0717BC5622A9}.Ad-Hoc|Any CPU.ActiveCfg = Release|x86
		{B0FFC3F2-78B6-4B76-BB59-0717BC5622A9}.Ad-Hoc|Any CPU.Build.0 = Release|x86
		{B0FFC3F2-78B6-4B76-BB59-0717BC5622A9}.Ad-Hoc|Any CPU.Deploy.0 = Release|x86
		{B0FFC3F2-78B6-4B76-BB59-0717BC5622A9}.Ad-Hoc|ARM.ActiveCfg = Release|ARM
		{B0FFC3F2-78B6-4B76-BB59-0717BC5622A9}.Ad-Hoc|ARM.Build.0 = Release|ARM
		{B0FFC3F2-78B6-4B76-BB59-0717BC5622A9}.Ad-Hoc|ARM.Deploy.0 = Release|ARM
		{B0FFC3F2-78B6-4B76-BB59-0717BC5622A9}.Ad-Hoc|iPhone.ActiveCfg = Release|x86
		{B0FFC3F2-78B6-4B76-BB59-0717BC5622A9}.Ad-Hoc|iPhone.Build.0 = Release|x86
		{B0FFC3F2-78B6-4B76-BB59-0717BC5622A9}.Ad-Hoc|iPhone.Deploy.0 = Release|x86
		{B0FFC3F2-78B6-4B76-BB59-0717BC5622A9}.Ad-Hoc|iPhoneSimulator.ActiveCfg = Release|x86
		{B0FFC3F2-78B6-4B76-BB59-0717BC5622A9}.Ad-Hoc|iPhoneSimulator.Build.0 = Release|x86
		{B0FFC3F2-78B6-4B76-BB59-0717BC5622A9}.Ad-Hoc|iPhoneSimulator.Deploy.0 = Release|x86
		{B0FFC3F2-78B6-4B76-BB59-0717BC5622A9}.Ad-Hoc|x64.ActiveCfg = Release|x64
		{B0FFC3F2-78B6-4B76-BB59-0717BC5622A9}.Ad-Hoc|x64.Build.0 = Release|x64
		{B0FFC3F2-78B6-4B76-BB59-0717BC5622A9}.Ad-Hoc|x64.Deploy.0 = Release|x64
		{B0FFC3F2-78B6-4B76-BB59-0717BC5622A9}.Ad-Hoc|x86.ActiveCfg = Release|x86
		{B0FFC3F2-78B6-4B76-BB59-0717BC5622A9}.Ad-Hoc|x86.Build.0 = Release|x86
		{B0FFC3F2-78B6-4B76-BB59-0717BC5622A9}.Ad-Hoc|x86.Deploy.0 = Release|x86
		{B0FFC3F2-78B6-4B76-BB59-0717BC5622A9}.AppStore|Any CPU.ActiveCfg = Release|x86
		{B0FFC3F2-78B6-4B76-BB59-0717BC5622A9}.AppStore|Any CPU.Build.0 = Release|x86
		{B0FFC3F2-78B6-4B76-BB59-0717BC5622A9}.AppStore|Any CPU.Deploy.0 = Release|x86
		{B0FFC3F2-78B6-4B76-BB59-0717BC5622A9}.AppStore|ARM.ActiveCfg = Release|ARM
		{B0FFC3F2-78B6-4B76-BB59-0717BC5622A9}.AppStore|ARM.Build.0 = Release|ARM
		{B0FFC3F2-78B6-4B76-BB59-0717BC5622A9}.AppStore|ARM.Deploy.0 = Release|ARM
		{B0FFC3F2-78B6-4B76-BB59-0717BC5622A9}.AppStore|iPhone.ActiveCfg = Release|x86
		{B0FFC3F2-78B6-4B76-BB59-0717BC5622A9}.AppStore|iPhone.Build.0 = Release|x86
		{B0FFC3F2-78B6-4B76-BB59-0717BC5622A9}.AppStore|iPhone.Deploy.0 = Release|x86
		{B0FFC3F2-78B6-4B76-BB59-0717BC5622A9}.AppStore|iPhoneSimulator.ActiveCfg = Release|x86
		{B0FFC3F2-78B6-4B76-BB59-0717BC5622A9}.AppStore|iPhoneSimulator.Build.0 = Release|x86
		{B0FFC3F2-78B6-4B76-BB59-0717BC5622A9}.AppStore|iPhoneSimulator.Deploy.0 = Release|x86
		{B0FFC3F2-78B6-4B76-BB59-0717BC5622A9}.AppStore|x64.ActiveCfg = Release|x64
		{B0FFC3F2-78B6-4B76-BB59-0717BC5622A9}.AppStore|x64.Build.0 = Release|x64
		{B0FFC3F2-78B6-4B76-BB59-0717BC5622A9}.AppStore|x64.Deploy.0 = Release|x64
		{B0FFC3F2-78B6-4B76-BB59-0717BC5622A9}.AppStore|x86.ActiveCfg = Release|x86
		{B0FFC3F2-78B6-4B76-BB59-0717BC5622A9}.AppStore|x86.Build.0 = Release|x86
		{B0FFC3F2-78B6-4B76-BB59-0717BC5622A9}.AppStore|x86.Deploy.0 = Release|x86
		{B0FFC3F2-78B6-4B76-BB59-0717BC5622A9}.Debug|Any CPU.ActiveCfg = Debug|x86
		{B0FFC3F2-78B6-4B76-BB59-0717BC5622A9}.Debug|ARM.ActiveCfg = Debug|ARM
		{B0FFC3F2-78B6-4B76-BB59-0717BC5622A9}.Debug|ARM.Build.0 = Debug|ARM
		{B0FFC3F2-78B6-4B76-BB59-0717BC5622A9}.Debug|ARM.Deploy.0 = Debug|ARM
		{B0FFC3F2-78B6-4B76-BB59-0717BC5622A9}.Debug|iPhone.ActiveCfg = Debug|x86
		{B0FFC3F2-78B6-4B76-BB59-0717BC5622A9}.Debug|iPhoneSimulator.ActiveCfg = Debug|x86
		{B0FFC3F2-78B6-4B76-BB59-0717BC5622A9}.Debug|x64.ActiveCfg = Debug|x64
		{B0FFC3F2-78B6-4B76-BB59-0717BC5622A9}.Debug|x64.Build.0 = Debug|x64
		{B0FFC3F2-78B6-4B76-BB59-0717BC5622A9}.Debug|x64.Deploy.0 = Debug|x64
		{B0FFC3F2-78B6-4B76-BB59-0717BC5622A9}.Debug|x86.ActiveCfg = Debug|x86
		{B0FFC3F2-78B6-4B76-BB59-0717BC5622A9}.Debug|x86.Build.0 = Debug|x86
		{B0FFC3F2-78B6-4B76-BB59-0717BC5622A9}.Debug|x86.Deploy.0 = Debug|x86
		{B0FFC3F2-78B6-4B76-BB59-0717BC5622A9}.Release|Any CPU.ActiveCfg = Release|x86
		{B0FFC3F2-78B6-4B76-BB59-0717BC5622A9}.Release|ARM.ActiveCfg = Release|ARM
		{B0FFC3F2-78B6-4B76-BB59-0717BC5622A9}.Release|ARM.Build.0 = Release|ARM
		{B0FFC3F2-78B6-4B76-BB59-0717BC5622A9}.Release|ARM.Deploy.0 = Release|ARM
		{B0FFC3F2-78B6-4B76-BB59-0717BC5622A9}.Release|iPhone.ActiveCfg = Release|x86
		{B0FFC3F2-78B6-4B76-BB59-0717BC5622A9}.Release|iPhoneSimulator.ActiveCfg = Release|x86
		{B0FFC3F2-78B6-4B76-BB59-0717BC5622A9}.Release|x64.ActiveCfg = Release|x64
		{B0FFC3F2-78B6-4B76-BB59-0717BC5622A9}.Release|x64.Build.0 = Release|x64
		{B0FFC3F2-78B6-4B76-BB59-0717BC5622A9}.Release|x64.Deploy.0 = Release|x64
		{B0FFC3F2-78B6-4B76-BB59-0717BC5622A9}.Release|x86.ActiveCfg = Release|x86
		{B0FFC3F2-78B6-4B76-BB59-0717BC5622A9}.Release|x86.Build.0 = Release|x86
		{B0FFC3F2-78B6-4B76-BB59-0717BC5622A9}.Release|x86.Deploy.0 = Release|x86
		{495F5720-79D3-4442-A557-081ED0BE98A8}.Ad-Hoc|Any CPU.ActiveCfg = Release|Any CPU
		{495F5720-79D3-4442-A557-081ED0BE98A8}.Ad-Hoc|Any CPU.Build.0 = Release|Any CPU
		{495F5720-79D3-4442-A557-081ED0BE98A8}.Ad-Hoc|Any CPU.Deploy.0 = Release|Any CPU
		{495F5720-79D3-4442-A557-081ED0BE98A8}.Ad-Hoc|ARM.ActiveCfg = Release|ARM
		{495F5720-79D3-4442-A557-081ED0BE98A8}.Ad-Hoc|ARM.Build.0 = Release|ARM
		{495F5720-79D3-4442-A557-081ED0BE98A8}.Ad-Hoc|ARM.Deploy.0 = Release|ARM
		{495F5720-79D3-4442-A557-081ED0BE98A8}.Ad-Hoc|iPhone.ActiveCfg = Release|Any CPU
		{495F5720-79D3-4442-A557-081ED0BE98A8}.Ad-Hoc|iPhone.Build.0 = Release|Any CPU
		{495F5720-79D3-4442-A557-081ED0BE98A8}.Ad-Hoc|iPhone.Deploy.0 = Release|Any CPU
		{495F5720-79D3-4442-A557-081ED0BE98A8}.Ad-Hoc|iPhoneSimulator.ActiveCfg = Release|Any CPU
		{495F5720-79D3-4442-A557-081ED0BE98A8}.Ad-Hoc|iPhoneSimulator.Build.0 = Release|Any CPU
		{495F5720-79D3-4442-A557-081ED0BE98A8}.Ad-Hoc|iPhoneSimulator.Deploy.0 = Release|Any CPU
		{495F5720-79D3-4442-A557-081ED0BE98A8}.Ad-Hoc|x64.ActiveCfg = Release|x64
		{495F5720-79D3-4442-A557-081ED0BE98A8}.Ad-Hoc|x64.Build.0 = Release|x64
		{495F5720-79D3-4442-A557-081ED0BE98A8}.Ad-Hoc|x64.Deploy.0 = Release|x64
		{495F5720-79D3-4442-A557-081ED0BE98A8}.Ad-Hoc|x86.ActiveCfg = Release|x86
		{495F5720-79D3-4442-A557-081ED0BE98A8}.Ad-Hoc|x86.Build.0 = Release|x86
		{495F5720-79D3-4442-A557-081ED0BE98A8}.Ad-Hoc|x86.Deploy.0 = Release|x86
		{495F5720-79D3-4442-A557-081ED0BE98A8}.AppStore|Any CPU.ActiveCfg = Release|Any CPU
		{495F5720-79D3-4442-A557-081ED0BE98A8}.AppStore|Any CPU.Build.0 = Release|Any CPU
		{495F5720-79D3-4442-A557-081ED0BE98A8}.AppStore|Any CPU.Deploy.0 = Release|Any CPU
		{495F5720-79D3-4442-A557-081ED0BE98A8}.AppStore|ARM.ActiveCfg = Release|ARM
		{495F5720-79D3-4442-A557-081ED0BE98A8}.AppStore|ARM.Build.0 = Release|ARM
		{495F5720-79D3-4442-A557-081ED0BE98A8}.AppStore|ARM.Deploy.0 = Release|ARM
		{495F5720-79D3-4442-A557-081ED0BE98A8}.AppStore|iPhone.ActiveCfg = Release|Any CPU
		{495F5720-79D3-4442-A557-081ED0BE98A8}.AppStore|iPhone.Build.0 = Release|Any CPU
		{495F5720-79D3-4442-A557-081ED0BE98A8}.AppStore|iPhone.Deploy.0 = Release|Any CPU
		{495F5720-79D3-4442-A557-081ED0BE98A8}.AppStore|iPhoneSimulator.ActiveCfg = Release|Any CPU
		{495F5720-79D3-4442-A557-081ED0BE98A8}.AppStore|iPhoneSimulator.Build.0 = Release|Any CPU
		{495F5720-79D3-4442-A557-081ED0BE98A8}.AppStore|iPhoneSimulator.Deploy.0 = Release|Any CPU
		{495F5720-79D3-4442-A557-081ED0BE98A8}.AppStore|x64.ActiveCfg = Release|x64
		{495F5720-79D3-4442-A557-081ED0BE98A8}.AppStore|x64.Build.0 = Release|x64
		{495F5720-79D3-4442-A557-081ED0BE98A8}.AppStore|x64.Deploy.0 = Release|x64
		{495F5720-79D3-4442-A557-081ED0BE98A8}.AppStore|x86.ActiveCfg = Release|x86
		{495F5720-79D3-4442-A557-081ED0BE98A8}.AppStore|x86.Build.0 = Release|x86
		{495F5720-79D3-4442-A557-081ED0BE98A8}.AppStore|x86.Deploy.0 = Release|x86
		{495F5720-79D3-4442-A557-081ED0BE98A8}.Debug|Any CPU.ActiveCfg = Debug|Any CPU
		{495F5720-79D3-4442-A557-081ED0BE98A8}.Debug|Any CPU.Build.0 = Debug|Any CPU
		{495F5720-79D3-4442-A557-081ED0BE98A8}.Debug|Any CPU.Deploy.0 = Debug|Any CPU
		{495F5720-79D3-4442-A557-081ED0BE98A8}.Debug|ARM.ActiveCfg = Debug|ARM
		{495F5720-79D3-4442-A557-081ED0BE98A8}.Debug|ARM.Build.0 = Debug|ARM
		{495F5720-79D3-4442-A557-081ED0BE98A8}.Debug|ARM.Deploy.0 = Debug|ARM
		{495F5720-79D3-4442-A557-081ED0BE98A8}.Debug|iPhone.ActiveCfg = Debug|Any CPU
		{495F5720-79D3-4442-A557-081ED0BE98A8}.Debug|iPhone.Build.0 = Debug|Any CPU
		{495F5720-79D3-4442-A557-081ED0BE98A8}.Debug|iPhone.Deploy.0 = Debug|Any CPU
		{495F5720-79D3-4442-A557-081ED0BE98A8}.Debug|iPhoneSimulator.ActiveCfg = Debug|Any CPU
		{495F5720-79D3-4442-A557-081ED0BE98A8}.Debug|iPhoneSimulator.Build.0 = Debug|Any CPU
		{495F5720-79D3-4442-A557-081ED0BE98A8}.Debug|iPhoneSimulator.Deploy.0 = Debug|Any CPU
		{495F5720-79D3-4442-A557-081ED0BE98A8}.Debug|x64.ActiveCfg = Debug|x64
		{495F5720-79D3-4442-A557-081ED0BE98A8}.Debug|x64.Build.0 = Debug|x64
		{495F5720-79D3-4442-A557-081ED0BE98A8}.Debug|x64.Deploy.0 = Debug|x64
		{495F5720-79D3-4442-A557-081ED0BE98A8}.Debug|x86.ActiveCfg = Debug|x86
		{495F5720-79D3-4442-A557-081ED0BE98A8}.Debug|x86.Build.0 = Debug|x86
		{495F5720-79D3-4442-A557-081ED0BE98A8}.Debug|x86.Deploy.0 = Debug|x86
		{495F5720-79D3-4442-A557-081ED0BE98A8}.Release|Any CPU.ActiveCfg = Release|Any CPU
		{495F5720-79D3-4442-A557-081ED0BE98A8}.Release|Any CPU.Build.0 = Release|Any CPU
		{495F5720-79D3-4442-A557-081ED0BE98A8}.Release|Any CPU.Deploy.0 = Release|Any CPU
		{495F5720-79D3-4442-A557-081ED0BE98A8}.Release|ARM.ActiveCfg = Release|ARM
		{495F5720-79D3-4442-A557-081ED0BE98A8}.Release|ARM.Build.0 = Release|ARM
		{495F5720-79D3-4442-A557-081ED0BE98A8}.Release|ARM.Deploy.0 = Release|ARM
		{495F5720-79D3-4442-A557-081ED0BE98A8}.Release|iPhone.ActiveCfg = Release|Any CPU
		{495F5720-79D3-4442-A557-081ED0BE98A8}.Release|iPhone.Build.0 = Release|Any CPU
		{495F5720-79D3-4442-A557-081ED0BE98A8}.Release|iPhone.Deploy.0 = Release|Any CPU
		{495F5720-79D3-4442-A557-081ED0BE98A8}.Release|iPhoneSimulator.ActiveCfg = Release|Any CPU
		{495F5720-79D3-4442-A557-081ED0BE98A8}.Release|iPhoneSimulator.Build.0 = Release|Any CPU
		{495F5720-79D3-4442-A557-081ED0BE98A8}.Release|iPhoneSimulator.Deploy.0 = Release|Any CPU
		{495F5720-79D3-4442-A557-081ED0BE98A8}.Release|x64.ActiveCfg = Release|x64
		{495F5720-79D3-4442-A557-081ED0BE98A8}.Release|x64.Build.0 = Release|x64
		{495F5720-79D3-4442-A557-081ED0BE98A8}.Release|x64.Deploy.0 = Release|x64
		{495F5720-79D3-4442-A557-081ED0BE98A8}.Release|x86.ActiveCfg = Release|x86
		{495F5720-79D3-4442-A557-081ED0BE98A8}.Release|x86.Build.0 = Release|x86
		{495F5720-79D3-4442-A557-081ED0BE98A8}.Release|x86.Deploy.0 = Release|x86
		{7AFE4D05-3F09-4287-978D-D2694EE567CD}.Ad-Hoc|Any CPU.ActiveCfg = Release|Any CPU
		{7AFE4D05-3F09-4287-978D-D2694EE567CD}.Ad-Hoc|Any CPU.Build.0 = Release|Any CPU
		{7AFE4D05-3F09-4287-978D-D2694EE567CD}.Ad-Hoc|ARM.ActiveCfg = Release|Any CPU
		{7AFE4D05-3F09-4287-978D-D2694EE567CD}.Ad-Hoc|ARM.Build.0 = Release|Any CPU
		{7AFE4D05-3F09-4287-978D-D2694EE567CD}.Ad-Hoc|iPhone.ActiveCfg = Release|Any CPU
		{7AFE4D05-3F09-4287-978D-D2694EE567CD}.Ad-Hoc|iPhone.Build.0 = Release|Any CPU
		{7AFE4D05-3F09-4287-978D-D2694EE567CD}.Ad-Hoc|iPhoneSimulator.ActiveCfg = Release|Any CPU
		{7AFE4D05-3F09-4287-978D-D2694EE567CD}.Ad-Hoc|iPhoneSimulator.Build.0 = Release|Any CPU
		{7AFE4D05-3F09-4287-978D-D2694EE567CD}.Ad-Hoc|x64.ActiveCfg = Release|Any CPU
		{7AFE4D05-3F09-4287-978D-D2694EE567CD}.Ad-Hoc|x64.Build.0 = Release|Any CPU
		{7AFE4D05-3F09-4287-978D-D2694EE567CD}.Ad-Hoc|x86.ActiveCfg = Release|Any CPU
		{7AFE4D05-3F09-4287-978D-D2694EE567CD}.Ad-Hoc|x86.Build.0 = Release|Any CPU
		{7AFE4D05-3F09-4287-978D-D2694EE567CD}.AppStore|Any CPU.ActiveCfg = Release|Any CPU
		{7AFE4D05-3F09-4287-978D-D2694EE567CD}.AppStore|Any CPU.Build.0 = Release|Any CPU
		{7AFE4D05-3F09-4287-978D-D2694EE567CD}.AppStore|ARM.ActiveCfg = Release|Any CPU
		{7AFE4D05-3F09-4287-978D-D2694EE567CD}.AppStore|ARM.Build.0 = Release|Any CPU
		{7AFE4D05-3F09-4287-978D-D2694EE567CD}.AppStore|iPhone.ActiveCfg = Release|Any CPU
		{7AFE4D05-3F09-4287-978D-D2694EE567CD}.AppStore|iPhone.Build.0 = Release|Any CPU
		{7AFE4D05-3F09-4287-978D-D2694EE567CD}.AppStore|iPhoneSimulator.ActiveCfg = Release|Any CPU
		{7AFE4D05-3F09-4287-978D-D2694EE567CD}.AppStore|iPhoneSimulator.Build.0 = Release|Any CPU
		{7AFE4D05-3F09-4287-978D-D2694EE567CD}.AppStore|x64.ActiveCfg = Release|Any CPU
		{7AFE4D05-3F09-4287-978D-D2694EE567CD}.AppStore|x64.Build.0 = Release|Any CPU
		{7AFE4D05-3F09-4287-978D-D2694EE567CD}.AppStore|x86.ActiveCfg = Release|Any CPU
		{7AFE4D05-3F09-4287-978D-D2694EE567CD}.AppStore|x86.Build.0 = Release|Any CPU
		{7AFE4D05-3F09-4287-978D-D2694EE567CD}.Debug|Any CPU.ActiveCfg = Debug|Any CPU
		{7AFE4D05-3F09-4287-978D-D2694EE567CD}.Debug|Any CPU.Build.0 = Debug|Any CPU
		{7AFE4D05-3F09-4287-978D-D2694EE567CD}.Debug|ARM.ActiveCfg = Debug|Any CPU
		{7AFE4D05-3F09-4287-978D-D2694EE567CD}.Debug|ARM.Build.0 = Debug|Any CPU
		{7AFE4D05-3F09-4287-978D-D2694EE567CD}.Debug|iPhone.ActiveCfg = Debug|Any CPU
		{7AFE4D05-3F09-4287-978D-D2694EE567CD}.Debug|iPhone.Build.0 = Debug|Any CPU
		{7AFE4D05-3F09-4287-978D-D2694EE567CD}.Debug|iPhoneSimulator.ActiveCfg = Debug|Any CPU
		{7AFE4D05-3F09-4287-978D-D2694EE567CD}.Debug|iPhoneSimulator.Build.0 = Debug|Any CPU
		{7AFE4D05-3F09-4287-978D-D2694EE567CD}.Debug|x64.ActiveCfg = Debug|Any CPU
		{7AFE4D05-3F09-4287-978D-D2694EE567CD}.Debug|x64.Build.0 = Debug|Any CPU
		{7AFE4D05-3F09-4287-978D-D2694EE567CD}.Debug|x86.ActiveCfg = Debug|Any CPU
		{7AFE4D05-3F09-4287-978D-D2694EE567CD}.Debug|x86.Build.0 = Debug|Any CPU
		{7AFE4D05-3F09-4287-978D-D2694EE567CD}.Release|Any CPU.ActiveCfg = Release|Any CPU
		{7AFE4D05-3F09-4287-978D-D2694EE567CD}.Release|Any CPU.Build.0 = Release|Any CPU
		{7AFE4D05-3F09-4287-978D-D2694EE567CD}.Release|ARM.ActiveCfg = Release|Any CPU
		{7AFE4D05-3F09-4287-978D-D2694EE567CD}.Release|ARM.Build.0 = Release|Any CPU
		{7AFE4D05-3F09-4287-978D-D2694EE567CD}.Release|iPhone.ActiveCfg = Release|Any CPU
		{7AFE4D05-3F09-4287-978D-D2694EE567CD}.Release|iPhone.Build.0 = Release|Any CPU
		{7AFE4D05-3F09-4287-978D-D2694EE567CD}.Release|iPhoneSimulator.ActiveCfg = Release|Any CPU
		{7AFE4D05-3F09-4287-978D-D2694EE567CD}.Release|iPhoneSimulator.Build.0 = Release|Any CPU
		{7AFE4D05-3F09-4287-978D-D2694EE567CD}.Release|x64.ActiveCfg = Release|Any CPU
		{7AFE4D05-3F09-4287-978D-D2694EE567CD}.Release|x64.Build.0 = Release|Any CPU
		{7AFE4D05-3F09-4287-978D-D2694EE567CD}.Release|x86.ActiveCfg = Release|Any CPU
		{7AFE4D05-3F09-4287-978D-D2694EE567CD}.Release|x86.Build.0 = Release|Any CPU
	EndGlobalSection
	GlobalSection(SolutionProperties) = preSolution
		HideSolutionNode = FALSE
	EndGlobalSection
EndGlobal
